
Microsoft Visual Studio Solution File, Format Version 12.00
# Visual Studio Version 16
VisualStudioVersion = 16.0.31105.61
MinimumVisualStudioVersion = 10.0.40219.1
Project("{FAE04EC0-301F-11D3-BF4B-00C04F79EFBC}") = "Calculator", "Calculator\Calculator.csproj", "{0AA11FAE-9FEC-46CC-B87E-41B731456C8C}"
EndProject
Global
	GlobalSection(SolutionConfigurationPlatforms) = preSolution
		Debug|Any CPU = Debug|Any CPU
		Release|Any CPU = Release|Any CPU
	EndGlobalSection
	GlobalSection(ProjectConfigurationPlatforms) = postSolution
		{0AA11FAE-9FEC-46CC-B87E-41B731456C8C}.Debug|Any CPU.ActiveCfg = Debug|Any CPU
		{0AA11FAE-9FEC-46CC-B87E-41B731456C8C}.Debug|Any CPU.Build.0 = Debug|Any CPU
		{0AA11FAE-9FEC-46CC-B87E-41B731456C8C}.Release|Any CPU.ActiveCfg = Release|Any CPU
		{0AA11FAE-9FEC-46CC-B87E-41B731456C8C}.Release|Any CPU.Build.0 = Release|Any CPU
	EndGlobalSection
	GlobalSection(SolutionProperties) = preSolution
		HideSolutionNode = FALSE
	EndGlobalSection
	GlobalSection(ExtensibilityGlobals) = postSolution
		SolutionGuid = {E568C084-8A8B-48AA-8E34-3F4B87AF5D12}
	EndGlobalSection
EndGlobal
